
Microsoft Visual Studio Solution File, Format Version 12.00
# Visual Studio Version 17
VisualStudioVersion = 17.0.31903.59
MinimumVisualStudioVersion = 10.0.40219.1
Project("{FAE04EC0-301F-11D3-BF4B-00C04F79EFBC}") = "SlipSnap", "SlipSnap\SlipSnap.csproj", "{D3559E36-0C84-44BC-8197-9B68B02A4250}"
EndProject
Project("{FAE04EC0-301F-11D3-BF4B-00C04F79EFBC}") = "SlipSnap.Tests", "..\tests\SlipSnap.Tests\SlipSnap.Tests.csproj", "{9B38883B-A6E1-442C-805D-503F308E895C}"
EndProject
Project("{FAE04EC0-301F-11D3-BF4B-00C04F79EFBC}") = "SlipSnap.E2ETests", "..\tests\SlipSnap.E2ETests\SlipSnap.E2ETests.csproj", "{545C4FE9-1A46-4ED3-A93D-C18C86848792}"
EndProject
Global
	GlobalSection(SolutionConfigurationPlatforms) = preSolution
		Debug|Any CPU = Debug|Any CPU
		Debug|x64 = Debug|x64
		Debug|x86 = Debug|x86
		Release|Any CPU = Release|Any CPU
		Release|x64 = Release|x64
		Release|x86 = Release|x86
	EndGlobalSection
	GlobalSection(ProjectConfigurationPlatforms) = postSolution
		{D3559E36-0C84-44BC-8197-9B68B02A4250}.Debug|Any CPU.ActiveCfg = Debug|Any CPU
		{D3559E36-0C84-44BC-8197-9B68B02A4250}.Debug|Any CPU.Build.0 = Debug|Any CPU
		{D3559E36-0C84-44BC-8197-9B68B02A4250}.Debug|x64.ActiveCfg = Debug|Any CPU
		{D3559E36-0C84-44BC-8197-9B68B02A4250}.Debug|x64.Build.0 = Debug|Any CPU
		{D3559E36-0C84-44BC-8197-9B68B02A4250}.Debug|x86.ActiveCfg = Debug|Any CPU
		{D3559E36-0C84-44BC-8197-9B68B02A4250}.Debug|x86.Build.0 = Debug|Any CPU
		{D3559E36-0C84-44BC-8197-9B68B02A4250}.Release|Any CPU.ActiveCfg = Release|Any CPU
		{D3559E36-0C84-44BC-8197-9B68B02A4250}.Release|Any CPU.Build.0 = Release|Any CPU
		{D3559E36-0C84-44BC-8197-9B68B02A4250}.Release|x64.ActiveCfg = Release|Any CPU
		{D3559E36-0C84-44BC-8197-9B68B02A4250}.Release|x64.Build.0 = Release|Any CPU
		{D3559E36-0C84-44BC-8197-9B68B02A4250}.Release|x86.ActiveCfg = Release|Any CPU
		{D3559E36-0C84-44BC-8197-9B68B02A4250}.Release|x86.Build.0 = Release|Any CPU
		{9B38883B-A6E1-442C-805D-503F308E895C}.Debug|Any CPU.ActiveCfg = Debug|Any CPU
		{9B38883B-A6E1-442C-805D-503F308E895C}.Debug|Any CPU.Build.0 = Debug|Any CPU
		{9B38883B-A6E1-442C-805D-503F308E895C}.Debug|x64.ActiveCfg = Debug|Any CPU
		{9B38883B-A6E1-442C-805D-503F308E895C}.Debug|x64.Build.0 = Debug|Any CPU
		{9B38883B-A6E1-442C-805D-503F308E895C}.Debug|x86.ActiveCfg = Debug|Any CPU
		{9B38883B-A6E1-442C-805D-503F308E895C}.Debug|x86.Build.0 = Debug|Any CPU
		{9B38883B-A6E1-442C-805D-503F308E895C}.Release|Any CPU.ActiveCfg = Release|Any CPU
		{9B38883B-A6E1-442C-805D-503F308E895C}.Release|Any CPU.Build.0 = Release|Any CPU
		{9B38883B-A6E1-442C-805D-503F308E895C}.Release|x64.ActiveCfg = Release|Any CPU
		{9B38883B-A6E1-442C-805D-503F308E895C}.Release|x64.Build.0 = Release|Any CPU
		{9B38883B-A6E1-442C-805D-503F308E895C}.Release|x86.ActiveCfg = Release|Any CPU
		{9B38883B-A6E1-442C-805D-503F308E895C}.Release|x86.Build.0 = Release|Any CPU
		{545C4FE9-1A46-4ED3-A93D-C18C86848792}.Debug|Any CPU.ActiveCfg = Debug|Any CPU
		{545C4FE9-1A46-4ED3-A93D-C18C86848792}.Debug|Any CPU.Build.0 = Debug|Any CPU
		{545C4FE9-1A46-4ED3-A93D-C18C86848792}.Debug|x64.ActiveCfg = Debug|Any CPU
		{545C4FE9-1A46-4ED3-A93D-C18C86848792}.Debug|x64.Build.0 = Debug|Any CPU
		{545C4FE9-1A46-4ED3-A93D-C18C86848792}.Debug|x86.ActiveCfg = Debug|Any CPU
		{545C4FE9-1A46-4ED3-A93D-C18C86848792}.Debug|x86.Build.0 = Debug|Any CPU
		{545C4FE9-1A46-4ED3-A93D-C18C86848792}.Release|Any CPU.ActiveCfg = Release|Any CPU
		{545C4FE9-1A46-4ED3-A93D-C18C86848792}.Release|Any CPU.Build.0 = Release|Any CPU
		{545C4FE9-1A46-4ED3-A93D-C18C86848792}.Release|x64.ActiveCfg = Release|Any CPU
		{545C4FE9-1A46-4ED3-A93D-C18C86848792}.Release|x64.Build.0 = Release|Any CPU
		{545C4FE9-1A46-4ED3-A93D-C18C86848792}.Release|x86.ActiveCfg = Release|Any CPU
		{545C4FE9-1A46-4ED3-A93D-C18C86848792}.Release|x86.Build.0 = Release|Any CPU
	EndGlobalSection
	GlobalSection(SolutionProperties) = preSolution
		HideSolutionNode = FALSE
	EndGlobalSection
EndGlobal
